
Microsoft Visual Studio Solution File, Format Version 12.00
# Visual Studio Version 17
VisualStudioVersion = 17.10.34928.147
MinimumVisualStudioVersion = 10.0.40219.1
Project("{9A19103F-16F7-4668-BE54-9A1E7A4F7556}") = "POC_ITAU.API", "POC_ITAU.API.csproj", "{C6D50FF3-F8F5-4DB5-A973-6A883A049CB2}"
EndProject
Project("{9A19103F-16F7-4668-BE54-9A1E7A4F7556}") = "POC_ITAU.Domain", "..\POC_ITAU.Domain\POC_ITAU.Domain\POC_ITAU.Domain.csproj", "{CC869BEF-BAB6-451C-B169-796FF6DAB3B5}"
EndProject
Project("{9A19103F-16F7-4668-BE54-9A1E7A4F7556}") = "POC_ITAU.Application", "..\POC_ITAU.Application\POC_ITAU.Application\POC_ITAU.Application.csproj", "{72982E3E-F857-41C0-AC9A-BE5952B9C002}"
EndProject
Project("{9A19103F-16F7-4668-BE54-9A1E7A4F7556}") = "POC_ITAU.Persistence", "..\POC_ITAU.Persistence\POC_ITAU.Persistence\POC_ITAU.Persistence.csproj", "{21CDFA29-6EA2-4D6F-9B2F-145564DF7C85}"
EndProject
Project("{2150E333-8FDC-42A3-9474-1A3956D46DE8}") = "Core", "Core", "{EE356772-26A8-4BCE-961C-C56BE04D6A6D}"
EndProject
Project("{2150E333-8FDC-42A3-9474-1A3956D46DE8}") = "Infrastructure", "Infrastructure", "{516DF2A0-6B52-4FF2-AAC1-1402B6CBEC2A}"
EndProject
Project("{2150E333-8FDC-42A3-9474-1A3956D46DE8}") = "Presentation", "Presentation", "{40123F3F-3800-4812-B24C-D7620D35C528}"
EndProject
Project("{2150E333-8FDC-42A3-9474-1A3956D46DE8}") = "Tests", "Tests", "{5A2D2F5B-D297-4023-8910-FBCE10346080}"
EndProject
Project("{9A19103F-16F7-4668-BE54-9A1E7A4F7556}") = "POC_ITAU.BenchmarkPerformance", "..\POC_ITAU.BenchmarkPerformance\POC_ITAU.BenchmarkPerformance\POC_ITAU.BenchmarkPerformance.csproj", "{33747B00-3742-42E9-8836-CE195BC6C478}"
EndProject
Project("{9A19103F-16F7-4668-BE54-9A1E7A4F7556}") = "POC_ITAU.UnitTest", "..\POC_ITAU.UnitTest\POC_ITAU.UnitTest\POC_ITAU.UnitTest.csproj", "{1DBC9CD1-E77E-4C34-BD99-B2B509A5E7C4}"
EndProject
Global
	GlobalSection(SolutionConfigurationPlatforms) = preSolution
		Debug|Any CPU = Debug|Any CPU
		Release|Any CPU = Release|Any CPU
	EndGlobalSection
	GlobalSection(ProjectConfigurationPlatforms) = postSolution
		{C6D50FF3-F8F5-4DB5-A973-6A883A049CB2}.Debug|Any CPU.ActiveCfg = Debug|Any CPU
		{C6D50FF3-F8F5-4DB5-A973-6A883A049CB2}.Debug|Any CPU.Build.0 = Debug|Any CPU
		{C6D50FF3-F8F5-4DB5-A973-6A883A049CB2}.Release|Any CPU.ActiveCfg = Release|Any CPU
		{C6D50FF3-F8F5-4DB5-A973-6A883A049CB2}.Release|Any CPU.Build.0 = Release|Any CPU
		{CC869BEF-BAB6-451C-B169-796FF6DAB3B5}.Debug|Any CPU.ActiveCfg = Debug|Any CPU
		{CC869BEF-BAB6-451C-B169-796FF6DAB3B5}.Debug|Any CPU.Build.0 = Debug|Any CPU
		{CC869BEF-BAB6-451C-B169-796FF6DAB3B5}.Release|Any CPU.ActiveCfg = Release|Any CPU
		{CC869BEF-BAB6-451C-B169-796FF6DAB3B5}.Release|Any CPU.Build.0 = Release|Any CPU
		{72982E3E-F857-41C0-AC9A-BE5952B9C002}.Debug|Any CPU.ActiveCfg = Debug|Any CPU
		{72982E3E-F857-41C0-AC9A-BE5952B9C002}.Debug|Any CPU.Build.0 = Debug|Any CPU
		{72982E3E-F857-41C0-AC9A-BE5952B9C002}.Release|Any CPU.ActiveCfg = Release|Any CPU
		{72982E3E-F857-41C0-AC9A-BE5952B9C002}.Release|Any CPU.Build.0 = Release|Any CPU
		{21CDFA29-6EA2-4D6F-9B2F-145564DF7C85}.Debug|Any CPU.ActiveCfg = Debug|Any CPU
		{21CDFA29-6EA2-4D6F-9B2F-145564DF7C85}.Debug|Any CPU.Build.0 = Debug|Any CPU
		{21CDFA29-6EA2-4D6F-9B2F-145564DF7C85}.Release|Any CPU.ActiveCfg = Release|Any CPU
		{21CDFA29-6EA2-4D6F-9B2F-145564DF7C85}.Release|Any CPU.Build.0 = Release|Any CPU
		{33747B00-3742-42E9-8836-CE195BC6C478}.Debug|Any CPU.ActiveCfg = Debug|Any CPU
		{33747B00-3742-42E9-8836-CE195BC6C478}.Debug|Any CPU.Build.0 = Debug|Any CPU
		{33747B00-3742-42E9-8836-CE195BC6C478}.Release|Any CPU.ActiveCfg = Release|Any CPU
		{33747B00-3742-42E9-8836-CE195BC6C478}.Release|Any CPU.Build.0 = Release|Any CPU
		{1DBC9CD1-E77E-4C34-BD99-B2B509A5E7C4}.Debug|Any CPU.ActiveCfg = Debug|Any CPU
		{1DBC9CD1-E77E-4C34-BD99-B2B509A5E7C4}.Debug|Any CPU.Build.0 = Debug|Any CPU
		{1DBC9CD1-E77E-4C34-BD99-B2B509A5E7C4}.Release|Any CPU.ActiveCfg = Release|Any CPU
		{1DBC9CD1-E77E-4C34-BD99-B2B509A5E7C4}.Release|Any CPU.Build.0 = Release|Any CPU
	EndGlobalSection
	GlobalSection(SolutionProperties) = preSolution
		HideSolutionNode = FALSE
	EndGlobalSection
	GlobalSection(NestedProjects) = preSolution
		{C6D50FF3-F8F5-4DB5-A973-6A883A049CB2} = {40123F3F-3800-4812-B24C-D7620D35C528}
		{CC869BEF-BAB6-451C-B169-796FF6DAB3B5} = {EE356772-26A8-4BCE-961C-C56BE04D6A6D}
		{72982E3E-F857-41C0-AC9A-BE5952B9C002} = {EE356772-26A8-4BCE-961C-C56BE04D6A6D}
		{21CDFA29-6EA2-4D6F-9B2F-145564DF7C85} = {516DF2A0-6B52-4FF2-AAC1-1402B6CBEC2A}
		{33747B00-3742-42E9-8836-CE195BC6C478} = {5A2D2F5B-D297-4023-8910-FBCE10346080}
		{1DBC9CD1-E77E-4C34-BD99-B2B509A5E7C4} = {5A2D2F5B-D297-4023-8910-FBCE10346080}
	EndGlobalSection
	GlobalSection(ExtensibilityGlobals) = postSolution
		SolutionGuid = {2D059FD0-97B5-488B-8DF4-59A8AB9B347B}
	EndGlobalSection
EndGlobal
